
Microsoft Visual Studio Solution File, Format Version 12.00
# Visual Studio 2012
Project("{FAE04EC0-301F-11D3-BF4B-00C04F79EFBC}") = "MVCMovie", "MVCMovie\MVCMovie.csproj", "{CEC4F991-D04D-45C5-8FF4-396CFF59E697}"
EndProject
Global
	GlobalSection(SolutionConfigurationPlatforms) = preSolution
		Debug|Any CPU = Debug|Any CPU
		Release|Any CPU = Release|Any CPU
	EndGlobalSection
	GlobalSection(ProjectConfigurationPlatforms) = postSolution
		{CEC4F991-D04D-45C5-8FF4-396CFF59E697}.Debug|Any CPU.ActiveCfg = Debug|Any CPU
		{CEC4F991-D04D-45C5-8FF4-396CFF59E697}.Debug|Any CPU.Build.0 = Debug|Any CPU
		{CEC4F991-D04D-45C5-8FF4-396CFF59E697}.Release|Any CPU.ActiveCfg = Release|Any CPU
		{CEC4F991-D04D-45C5-8FF4-396CFF59E697}.Release|Any CPU.Build.0 = Release|Any CPU
	EndGlobalSection
	GlobalSection(SolutionProperties) = preSolution
		HideSolutionNode = FALSE
	EndGlobalSection
EndGlobal
